
Microsoft Visual Studio Solution File, Format Version 12.00
# Visual Studio 15
VisualStudioVersion = 15.0.28010.2050
MinimumVisualStudioVersion = 10.0.40219.1
Project("{FAE04EC0-301F-11D3-BF4B-00C04F79EFBC}") = "MPL.Common", "MPL.Common\MPL.Common.csproj", "{5DC5357A-332D-4AA1-B0F1-563BABB09645}"
EndProject
Project("{FAE04EC0-301F-11D3-BF4B-00C04F79EFBC}") = "MPL.Common.Windows", "MPL.Common.Windows\MPL.Common.Windows.csproj", "{0374E764-C7BD-4E8E-8DF4-AADDA9475B9B}"
EndProject
Project("{FAE04EC0-301F-11D3-BF4B-00C04F79EFBC}") = "MPL.Common.UnitTests", "MPL.Common.UnitTests\MPL.Common.UnitTests.csproj", "{6F35DA9B-5702-4464-9185-88A8749F1745}"
EndProject
Project("{FAE04EC0-301F-11D3-BF4B-00C04F79EFBC}") = "MPL.Common.UnitTestBase", "MPL.Common.UnitTestBase\MPL.Common.UnitTestBase.csproj", "{5FDF395E-FFF9-42DA-B542-5FFFE007FB1D}"
EndProject
Project("{FAE04EC0-301F-11D3-BF4B-00C04F79EFBC}") = "MPL.Common.Windows.UnitTests", "MPL.Common.Windows.UnitTests\MPL.Common.Windows.UnitTests.csproj", "{69DF8EB3-A461-4009-BBE6-E7AA68CF3E7A}"
EndProject
Global
	GlobalSection(SolutionConfigurationPlatforms) = preSolution
		Debug|Any CPU = Debug|Any CPU
		Release|Any CPU = Release|Any CPU
	EndGlobalSection
	GlobalSection(ProjectConfigurationPlatforms) = postSolution
		{5DC5357A-332D-4AA1-B0F1-563BABB09645}.Debug|Any CPU.ActiveCfg = Debug|Any CPU
		{5DC5357A-332D-4AA1-B0F1-563BABB09645}.Debug|Any CPU.Build.0 = Debug|Any CPU
		{5DC5357A-332D-4AA1-B0F1-563BABB09645}.Release|Any CPU.ActiveCfg = Release|Any CPU
		{5DC5357A-332D-4AA1-B0F1-563BABB09645}.Release|Any CPU.Build.0 = Release|Any CPU
		{0374E764-C7BD-4E8E-8DF4-AADDA9475B9B}.Debug|Any CPU.ActiveCfg = Debug|Any CPU
		{0374E764-C7BD-4E8E-8DF4-AADDA9475B9B}.Debug|Any CPU.Build.0 = Debug|Any CPU
		{0374E764-C7BD-4E8E-8DF4-AADDA9475B9B}.Release|Any CPU.ActiveCfg = Release|Any CPU
		{0374E764-C7BD-4E8E-8DF4-AADDA9475B9B}.Release|Any CPU.Build.0 = Release|Any CPU
		{6F35DA9B-5702-4464-9185-88A8749F1745}.Debug|Any CPU.ActiveCfg = Debug|Any CPU
		{6F35DA9B-5702-4464-9185-88A8749F1745}.Debug|Any CPU.Build.0 = Debug|Any CPU
		{6F35DA9B-5702-4464-9185-88A8749F1745}.Release|Any CPU.ActiveCfg = Release|Any CPU
		{6F35DA9B-5702-4464-9185-88A8749F1745}.Release|Any CPU.Build.0 = Release|Any CPU
		{5FDF395E-FFF9-42DA-B542-5FFFE007FB1D}.Debug|Any CPU.ActiveCfg = Debug|Any CPU
		{5FDF395E-FFF9-42DA-B542-5FFFE007FB1D}.Debug|Any CPU.Build.0 = Debug|Any CPU
		{5FDF395E-FFF9-42DA-B542-5FFFE007FB1D}.Release|Any CPU.ActiveCfg = Release|Any CPU
		{5FDF395E-FFF9-42DA-B542-5FFFE007FB1D}.Release|Any CPU.Build.0 = Release|Any CPU
		{69DF8EB3-A461-4009-BBE6-E7AA68CF3E7A}.Debug|Any CPU.ActiveCfg = Debug|Any CPU
		{69DF8EB3-A461-4009-BBE6-E7AA68CF3E7A}.Debug|Any CPU.Build.0 = Debug|Any CPU
		{69DF8EB3-A461-4009-BBE6-E7AA68CF3E7A}.Release|Any CPU.ActiveCfg = Release|Any CPU
		{69DF8EB3-A461-4009-BBE6-E7AA68CF3E7A}.Release|Any CPU.Build.0 = Release|Any CPU
	EndGlobalSection
	GlobalSection(SolutionProperties) = preSolution
		HideSolutionNode = FALSE
	EndGlobalSection
	GlobalSection(ExtensibilityGlobals) = postSolution
		SolutionGuid = {C9791082-3945-4829-94D0-CDF0877C6429}
	EndGlobalSection
EndGlobal
